Microsoft Visual Studio Solution File, Format Version 11.00
# Visual Studio 2008

Project("{992B0EA6-47F6-F5AC-2CC8-306FF4E59361}") = "DroneRun", "Assembly-CSharp-firstpass.csproj", "{C9878B79-500B-1139-BB5A-05AAC97D548C}"
EndProject
Project("{992B0EA6-47F6-F5AC-2CC8-306FF4E59361}") = "DroneRun", "Assembly-CSharp.csproj", "{070DC13B-56EB-5C11-00C4-AE773B828E2F}"
EndProject
Project("{992B0EA6-47F6-F5AC-2CC8-306FF4E59361}") = "DroneRun", "Assembly-CSharp-Editor-firstpass.csproj", "{265CE657-BD37-6F72-B2E3-405EF08593E2}"
EndProject
Project("{992B0EA6-47F6-F5AC-2CC8-306FF4E59361}") = "DroneRun", "Assembly-CSharp-Editor.csproj", "{595104BF-AB60-3984-A2E7-46958EE30C32}"
EndProject
Global
	GlobalSection(SolutionConfigurationPlatforms) = preSolution
		Debug|Any CPU = Debug|Any CPU
		Release|Any CPU = Release|Any CPU
	EndGlobalSection
	GlobalSection(ProjectConfigurationPlatforms) = postSolution
		{C9878B79-500B-1139-BB5A-05AAC97D548C}.Debug|Any CPU.ActiveCfg = Debug|Any CPU
		{C9878B79-500B-1139-BB5A-05AAC97D548C}.Debug|Any CPU.Build.0 = Debug|Any CPU
		{C9878B79-500B-1139-BB5A-05AAC97D548C}.Release|Any CPU.ActiveCfg = Release|Any CPU
		{C9878B79-500B-1139-BB5A-05AAC97D548C}.Release|Any CPU.Build.0 = Release|Any CPU
		{070DC13B-56EB-5C11-00C4-AE773B828E2F}.Debug|Any CPU.ActiveCfg = Debug|Any CPU
		{070DC13B-56EB-5C11-00C4-AE773B828E2F}.Debug|Any CPU.Build.0 = Debug|Any CPU
		{070DC13B-56EB-5C11-00C4-AE773B828E2F}.Release|Any CPU.ActiveCfg = Release|Any CPU
		{070DC13B-56EB-5C11-00C4-AE773B828E2F}.Release|Any CPU.Build.0 = Release|Any CPU
		{265CE657-BD37-6F72-B2E3-405EF08593E2}.Debug|Any CPU.ActiveCfg = Debug|Any CPU
		{265CE657-BD37-6F72-B2E3-405EF08593E2}.Debug|Any CPU.Build.0 = Debug|Any CPU
		{265CE657-BD37-6F72-B2E3-405EF08593E2}.Release|Any CPU.ActiveCfg = Release|Any CPU
		{265CE657-BD37-6F72-B2E3-405EF08593E2}.Release|Any CPU.Build.0 = Release|Any CPU
		{595104BF-AB60-3984-A2E7-46958EE30C32}.Debug|Any CPU.ActiveCfg = Debug|Any CPU
		{595104BF-AB60-3984-A2E7-46958EE30C32}.Debug|Any CPU.Build.0 = Debug|Any CPU
		{595104BF-AB60-3984-A2E7-46958EE30C32}.Release|Any CPU.ActiveCfg = Release|Any CPU
		{595104BF-AB60-3984-A2E7-46958EE30C32}.Release|Any CPU.Build.0 = Release|Any CPU
	EndGlobalSection
	GlobalSection(SolutionProperties) = preSolution
		HideSolutionNode = FALSE
	EndGlobalSection
	GlobalSection(MonoDevelopProperties) = preSolution
		StartupItem = Assembly-CSharp.csproj
	EndGlobalSection
EndGlobal
